
Microsoft Visual Studio Solution File, Format Version 12.00
# Visual Studio 2015
Project("{FAE04EC0-301F-11D3-BF4B-00C04F79EFBC}") = "Peach1.CSharp", "Peach1.CSharp.csproj", "{0B598F1D-E0B6-5EDA-DC22-7714EFD47647}"
EndProject
Project("{FAE04EC0-301F-11D3-BF4B-00C04F79EFBC}") = "Peach1.CSharp.Editor", "Peach1.CSharp.Editor.csproj", "{B2FB59DA-CF13-1229-4294-0B88EC132B9A}"
EndProject
Global
	GlobalSection(SolutionConfigurationPlatforms) = preSolution
		Debug|Any CPU = Debug|Any CPU
		Release|Any CPU = Release|Any CPU
	EndGlobalSection
	GlobalSection(ProjectConfigurationPlatforms) = postSolution
		{0B598F1D-E0B6-5EDA-DC22-7714EFD47647}.Debug|Any CPU.ActiveCfg = Debug|Any CPU
		{0B598F1D-E0B6-5EDA-DC22-7714EFD47647}.Debug|Any CPU.Build.0 = Debug|Any CPU
		{0B598F1D-E0B6-5EDA-DC22-7714EFD47647}.Release|Any CPU.ActiveCfg = Release|Any CPU
		{0B598F1D-E0B6-5EDA-DC22-7714EFD47647}.Release|Any CPU.Build.0 = Release|Any CPU
		{B2FB59DA-CF13-1229-4294-0B88EC132B9A}.Debug|Any CPU.ActiveCfg = Debug|Any CPU
		{B2FB59DA-CF13-1229-4294-0B88EC132B9A}.Debug|Any CPU.Build.0 = Debug|Any CPU
		{B2FB59DA-CF13-1229-4294-0B88EC132B9A}.Release|Any CPU.ActiveCfg = Release|Any CPU
		{B2FB59DA-CF13-1229-4294-0B88EC132B9A}.Release|Any CPU.Build.0 = Release|Any CPU
	EndGlobalSection
	GlobalSection(SolutionProperties) = preSolution
		HideSolutionNode = FALSE
	EndGlobalSection
EndGlobal
